lockfileVersion: 5.4

specifiers:
  css-loader: ^6.7.3
  mini-css-extract-plugin: ^2.7.2
  style-loader: ^3.3.1
  webpack: ^5.75.0
  webpack-cli: ^5.0.1

devDependencies:
  css-loader: 6.7.3_webpack@5.75.0
  mini-css-extract-plugin: 2.7.2_webpack@5.75.0
  style-loader: 3.3.1_webpack@5.75.0
  webpack: 5.75.0_webpack-cli@5.0.1
  webpack-cli: 5.0.1_webpack@5.75.0

packages:

  /@discoveryjs/json-ext/0.5.7:
    resolution: {integrity: sha512-dBVuXR082gk3jsFp7Rd/JI4kytwGHecnCoTtXFb7DB6CNHp4rg5k1bhg0nWdLGLnOV71lmDzGQaLMy8iPLY0pw==}
    engines: {node: '>=10.0.0'}
    dev: true

  /@jridgewell/gen-mapping/0.3.2:
    resolution: {integrity: sha512-mh65xKQAzI6iBcFzwv28KVWSmCkdRBWoOh+bYQGW3+6OZvbbN3TqMGo5hqYxQniRcH9F2VZIoJCm4pa3BPDK/A==}
    engines: {node: '>=6.0.0'}
    dependencies:
      '@jridgewell/set-array': 1.1.2
      '@jridgewell/sourcemap-codec': 1.4.14
      '@jridgewell/trace-mapping': 0.3.17
    dev: true

  /@jridgewell/resolve-uri/3.1.0:
    resolution: {integrity: sha512-F2msla3tad+Mfht5cJq7LSXcdudKTWCVYUgw6pLFOOHSTtZlj6SWNYAp+AhuqLmWdBO2X5hPrLcu8cVP8fy28w==}
    engines: {node: '>=6.0.0'}
    dev: true

  /@jridgewell/set-array/1.1.2:
    resolution: {integrity: sha512-xnkseuNADM0gt2bs+BvhO0p78Mk762YnZdsuzFV018NoG1Sj1SCQvpSqa7XUaTam5vAGasABV9qXASMKnFMwMw==}
    engines: {node: '>=6.0.0'}
    dev: true

  /@jridgewell/source-map/0.3.2:
    resolution: {integrity: sha512-m7O9o2uR8k2ObDysZYzdfhb08VuEml5oWGiosa1VdaPZ/A6QyPkAJuwN0Q1lhULOf6B7MtQmHENS743hWtCrgw==}
    dependencies:
      '@jridgewell/gen-mapping': 0.3.2
      '@jridgewell/trace-mapping': 0.3.17
    dev: true

  /@jridgewell/sourcemap-codec/1.4.14:
    resolution: {integrity: sha512-XPSJHWmi394fuUuzDnGz1wiKqWfo1yXecHQMRf2l6hztTO+nPru658AyDngaBe7isIxEkRsPR3FZh+s7iVa4Uw==}
    dev: true

  /@jridgewell/trace-mapping/0.3.17:
    resolution: {integrity: sha512-MCNzAp77qzKca9+W/+I0+sEpaUnZoeasnghNeVc41VZCEKaCH73Vq3BZZ/SzWIgrqE4H4ceI+p+b6C0mHf9T4g==}
    dependencies:
      '@jridgewell/resolve-uri': 3.1.0
      '@jridgewell/sourcemap-codec': 1.4.14
    dev: true

  /@types/eslint-scope/3.7.4:
    resolution: {integrity: sha512-9K4zoImiZc3HlIp6AVUDE4CWYx22a+lhSZMYNpbjW04+YF0KWj4pJXnEMjdnFTiQibFFmElcsasJXDbdI/EPhA==}
    dependencies:
      '@types/eslint': 8.4.10
      '@types/estree': 0.0.51
    dev: true

  /@types/eslint/8.4.10:
    resolution: {integrity: sha512-Sl/HOqN8NKPmhWo2VBEPm0nvHnu2LL3v9vKo8MEq0EtbJ4eVzGPl41VNPvn5E1i5poMk4/XD8UriLHpJvEP/Nw==}
    dependencies:
      '@types/estree': 0.0.51
      '@types/json-schema': 7.0.11
    dev: true

  /@types/estree/0.0.51:
    resolution: {integrity: sha512-CuPgU6f3eT/XgKKPqKd/gLZV1Xmvf1a2R5POBOGQa6uv82xpls89HU5zKeVoyR8XzHd1RGNOlQlvUe3CFkjWNQ==}
    dev: true

  /@types/json-schema/7.0.11:
    resolution: {integrity: sha512-wOuvG1SN4Us4rez+tylwwwCV1psiNVOkJeM3AUWUNWg/jDQY2+HE/444y5gc+jBmRqASOm2Oeh5c1axHobwRKQ==}
    dev: true

  /@types/node/18.11.18:
    resolution: {integrity: sha512-DHQpWGjyQKSHj3ebjFI/wRKcqQcdR+MoFBygntYOZytCqNfkd2ZC4ARDJ2DQqhjH5p85Nnd3jhUJIXrszFX/JA==}
    dev: true

  /@webassemblyjs/ast/1.11.1:
    resolution: {integrity: sha1-K/12fq4aaZb0Mv9+jX/HVnnAtqc=}
    dependencies:
      '@webassemblyjs/helper-numbers': 1.11.1
      '@webassemblyjs/helper-wasm-bytecode': 1.11.1
    dev: true

  /@webassemblyjs/floating-point-hex-parser/1.11.1:
    resolution: {integrity: sha1-9sYacF8P16auyqToGY8j2dwXnk8=}
    dev: true

  /@webassemblyjs/helper-api-error/1.11.1:
    resolution: {integrity: sha1-GmMZLYeI5cASgAump6RscFKI/RY=}
    dev: true

  /@webassemblyjs/helper-buffer/1.11.1:
    resolution: {integrity: sha1-gyqQDrREiEzemnytRn+BUA9eWrU=}
    dev: true

  /@webassemblyjs/helper-numbers/1.11.1:
    resolution: {integrity: sha1-ZNgdohn7u6HjvRv8dPboxOEKYq4=}
    dependencies:
      '@webassemblyjs/floating-point-hex-parser': 1.11.1
      '@webassemblyjs/helper-api-error': 1.11.1
      '@xtuc/long': 4.2.2
    dev: true

  /@webassemblyjs/helper-wasm-bytecode/1.11.1:
    resolution: {integrity: sha1-8ygkHkHnsZnQsgwY6IQpxEMyleE=}
    dev: true

  /@webassemblyjs/helper-wasm-section/1.11.1:
    resolution: {integrity: sha1-Ie4GWntjXzGec48N1zv72igcCXo=}
    dependencies:
      '@webassemblyjs/ast': 1.11.1
      '@webassemblyjs/helper-buffer': 1.11.1
      '@webassemblyjs/helper-wasm-bytecode': 1.11.1
      '@webassemblyjs/wasm-gen': 1.11.1
    dev: true

  /@webassemblyjs/ieee754/1.11.1:
    resolution: {integrity: sha1-ljkp6bvQVwnn4SJDoJkYCBKZJhQ=}
    dependencies:
      '@xtuc/ieee754': 1.2.0
    dev: true

  /@webassemblyjs/leb128/1.11.1:
    resolution: {integrity: sha1-zoFLRVdOk9drrh+yZEq5zdlSeqU=}
    dependencies:
      '@xtuc/long': 4.2.2
    dev: true

  /@webassemblyjs/utf8/1.11.1:
    resolution: {integrity: sha1-0fi3ZDaefG5rrjUOhU3smlnwo/8=}
    dev: true

  /@webassemblyjs/wasm-edit/1.11.1:
    resolution: {integrity: sha1-rSBuv0v5WgWM6YgKjAksXeyBk9Y=}
    dependencies:
      '@webassemblyjs/ast': 1.11.1
      '@webassemblyjs/helper-buffer': 1.11.1
      '@webassemblyjs/helper-wasm-bytecode': 1.11.1
      '@webassemblyjs/helper-wasm-section': 1.11.1
      '@webassemblyjs/wasm-gen': 1.11.1
      '@webassemblyjs/wasm-opt': 1.11.1
      '@webassemblyjs/wasm-parser': 1.11.1
      '@webassemblyjs/wast-printer': 1.11.1
    dev: true

  /@webassemblyjs/wasm-gen/1.11.1:
    resolution: {integrity: sha1-hsXqMEhJdZt9iMR6MvTwOa48j3Y=}
    dependencies:
      '@webassemblyjs/ast': 1.11.1
      '@webassemblyjs/helper-wasm-bytecode': 1.11.1
      '@webassemblyjs/ieee754': 1.11.1
      '@webassemblyjs/leb128': 1.11.1
      '@webassemblyjs/utf8': 1.11.1
    dev: true

  /@webassemblyjs/wasm-opt/1.11.1:
    resolution: {integrity: sha1-ZXtMIgL0zzs0X4pMZGHIwkGJhfI=}
    dependencies:
      '@webassemblyjs/ast': 1.11.1
      '@webassemblyjs/helper-buffer': 1.11.1
      '@webassemblyjs/wasm-gen': 1.11.1
      '@webassemblyjs/wasm-parser': 1.11.1
    dev: true

  /@webassemblyjs/wasm-parser/1.11.1:
    resolution: {integrity: sha1-hspzRTT0F+m9PGfHocddi+QfsZk=}
    dependencies:
      '@webassemblyjs/ast': 1.11.1
      '@webassemblyjs/helper-api-error': 1.11.1
      '@webassemblyjs/helper-wasm-bytecode': 1.11.1
      '@webassemblyjs/ieee754': 1.11.1
      '@webassemblyjs/leb128': 1.11.1
      '@webassemblyjs/utf8': 1.11.1
    dev: true

  /@webassemblyjs/wast-printer/1.11.1:
    resolution: {integrity: sha1-0Mc77ajuxUJvEK6O9VzuXnCEwvA=}
    dependencies:
      '@webassemblyjs/ast': 1.11.1
      '@xtuc/long': 4.2.2
    dev: true

  /@webpack-cli/configtest/2.0.1_rjsyjcrmk25kqsjzwkvj3a2evq:
    resolution: {integrity: sha512-njsdJXJSiS2iNbQVS0eT8A/KPnmyH4pv1APj2K0d1wrZcBLw+yppxOy4CGqa0OxDJkzfL/XELDhD8rocnIwB5A==}
    engines: {node: '>=14.15.0'}
    peerDependencies:
      webpack: 5.x.x
      webpack-cli: 5.x.x
    dependencies:
      webpack: 5.75.0_webpack-cli@5.0.1
      webpack-cli: 5.0.1_webpack@5.75.0
    dev: true

  /@webpack-cli/info/2.0.1_rjsyjcrmk25kqsjzwkvj3a2evq:
    resolution: {integrity: sha512-fE1UEWTwsAxRhrJNikE7v4EotYflkEhBL7EbajfkPlf6E37/2QshOy/D48Mw8G5XMFlQtS6YV42vtbG9zBpIQA==}
    engines: {node: '>=14.15.0'}
    peerDependencies:
      webpack: 5.x.x
      webpack-cli: 5.x.x
    dependencies:
      webpack: 5.75.0_webpack-cli@5.0.1
      webpack-cli: 5.0.1_webpack@5.75.0
    dev: true

  /@webpack-cli/serve/2.0.1_rjsyjcrmk25kqsjzwkvj3a2evq:
    resolution: {integrity: sha512-0G7tNyS+yW8TdgHwZKlDWYXFA6OJQnoLCQvYKkQP0Q2X205PSQ6RNUj0M+1OB/9gRQaUZ/ccYfaxd0nhaWKfjw==}
    engines: {node: '>=14.15.0'}
    peerDependencies:
      webpack: 5.x.x
      webpack-cli: 5.x.x
      webpack-dev-server: '*'
    peerDependenciesMeta:
      webpack-dev-server:
        optional: true
    dependencies:
      webpack: 5.75.0_webpack-cli@5.0.1
      webpack-cli: 5.0.1_webpack@5.75.0
    dev: true

  /@xtuc/ieee754/1.2.0:
    resolution: {integrity: sha1-7vAUoxRa5Hehy8AM0eVSM23Ot5A=}
    dev: true

  /@xtuc/long/4.2.2:
    resolution: {integrity: sha1-0pHGpOl5ibXGHZrPOWrk/hM6cY0=}
    dev: true

  /acorn-import-assertions/1.8.0_acorn@8.8.2:
    resolution: {integrity: sha1-uitZOc5iwjjbbZPYHJsRGym4Vek=}
    peerDependencies:
      acorn: ^8
    dependencies:
      acorn: 8.8.2
    dev: true

  /acorn/8.8.2:
    resolution: {integrity: sha512-xjIYgE8HBrkpd/sJqOGNspf8uHG+NOHGOw6a/Urj8taM2EXfdNAH2oFcPeIFfsv3+kz/mJrS5VuMqbNLjCa2vw==}
    engines: {node: '>=0.4.0'}
    hasBin: true
    dev: true

  /ajv-formats/2.1.1:
    resolution: {integrity: sha1-bmaUAGWet0lzu/LjMycYCgmWtSA=}
    peerDependenciesMeta:
      ajv:
        optional: true
    dependencies:
      ajv: 8.12.0
    dev: true

  /ajv-keywords/3.5.2_ajv@6.12.6:
    resolution: {integrity: sha1-MfKdpatuANHC0yms97WSlhTVAU0=}
    peerDependencies:
      ajv: ^6.9.1
    dependencies:
      ajv: 6.12.6
    dev: true

  /ajv-keywords/5.1.0_ajv@8.12.0:
    resolution: {integrity: sha1-adTThaRzPNvqtElkoRcKiPh/DhY=}
    peerDependencies:
      ajv: ^8.8.2
    dependencies:
      ajv: 8.12.0
      fast-deep-equal: 3.1.3
    dev: true

  /ajv/6.12.6:
    resolution: {integrity: sha1-uvWmLoArB9l3A0WG+MO69a3ybfQ=}
    dependencies:
      fast-deep-equal: 3.1.3
      fast-json-stable-stringify: 2.1.0
      json-schema-traverse: 0.4.1
      uri-js: 4.4.1
    dev: true

  /ajv/8.12.0:
    resolution: {integrity: sha512-sRu1kpcO9yLtYxBKvqfTeh9KzZEwO3STyX1HT+4CaDzC6HpTGYhIhPIzj9XuKU7KYDwnaeh5hcOwjy1QuJzBPA==}
    dependencies:
      fast-deep-equal: 3.1.3
      json-schema-traverse: 1.0.0
      require-from-string: 2.0.2
      uri-js: 4.4.1
    dev: true

  /browserslist/4.21.5:
    resolution: {integrity: sha512-tUkiguQGW7S3IhB7N+c2MV/HZPSCPAAiYBZXLsBhFB/PCy6ZKKsZrmBayHV9fdGV/ARIfJ14NkxKzRDjvp7L6w==}
    engines: {node: ^6 || ^7 || ^8 || ^9 || ^10 || ^11 || ^12 || >=13.7}
    hasBin: true
    dependencies:
      caniuse-lite: 1.0.30001450
      electron-to-chromium: 1.4.284
      node-releases: 2.0.9
      update-browserslist-db: 1.0.10_browserslist@4.21.5
    dev: true

  /buffer-from/1.1.2:
    resolution: {integrity: sha1-KxRqb9cugLT1XSVfNe1Zo6mkG9U=}
    dev: true

  /caniuse-lite/1.0.30001450:
    resolution: {integrity: sha512-qMBmvmQmFXaSxexkjjfMvD5rnDL0+m+dUMZKoDYsGG8iZN29RuYh9eRoMvKsT6uMAWlyUUGDEQGJJYjzCIO9ew==}
    dev: true

  /chrome-trace-event/1.0.3:
    resolution: {integrity: sha1-EBXs7UdB4V0GZkqVfbv1DQQeJqw=}
    engines: {node: '>=6.0'}
    dev: true

  /clone-deep/4.0.1:
    resolution: {integrity: sha1-wZ/Zvbv4WUK0/ZechNz31fB8I4c=}
    engines: {node: '>=6'}
    dependencies:
      is-plain-object: 2.0.4
      kind-of: 6.0.3
      shallow-clone: 3.0.1
    dev: true

  /colorette/2.0.19:
    resolution: {integrity: sha512-3tlv/dIP7FWvj3BsbHrGLJ6l/oKh1O3TcgBqMn+yyCagOxc23fyzDS6HypQbgxWbkpDnf52p1LuR4eWDQ/K9WQ==}
    dev: true

  /commander/2.20.3:
    resolution: {integrity: sha1-/UhehMA+tIgcIHIrpIA16FMa6zM=}
    dev: true

  /commander/9.5.0:
    resolution: {integrity: sha512-KRs7WVDKg86PWiuAqhDrAQnTXZKraVcCc6vFdL14qrZ/DcWwuRo7VoiYXalXO7S5GKpqYiVEwCbgFDfxNHKJBQ==}
    engines: {node: ^12.20.0 || >=14}
    dev: true

  /cross-spawn/7.0.3:
    resolution: {integrity: sha1-9zqFudXUHQRVUcF34ogtSshXKKY=}
    engines: {node: '>= 8'}
    dependencies:
      path-key: 3.1.1
      shebang-command: 2.0.0
      which: 2.0.2
    dev: true

  /css-loader/6.7.3_webpack@5.75.0:
    resolution: {integrity: sha512-qhOH1KlBMnZP8FzRO6YCH9UHXQhVMcEGLyNdb7Hv2cpcmJbW0YrddO+tG1ab5nT41KpHIYGsbeHqxB9xPu1pKQ==}
    engines: {node: '>= 12.13.0'}
    peerDependencies:
      webpack: ^5.0.0
    dependencies:
      icss-utils: 5.1.0_postcss@8.4.21
      postcss: 8.4.21
      postcss-modules-extract-imports: 3.0.0_postcss@8.4.21
      postcss-modules-local-by-default: 4.0.0_postcss@8.4.21
      postcss-modules-scope: 3.0.0_postcss@8.4.21
      postcss-modules-values: 4.0.0_postcss@8.4.21
      postcss-value-parser: 4.2.0
      semver: 7.3.8
      webpack: 5.75.0_webpack-cli@5.0.1
    dev: true

  /cssesc/3.0.0:
    resolution: {integrity: sha1-N3QZGZA7hoVl4cCep0dEXNGJg+4=}
    engines: {node: '>=4'}
    hasBin: true
    dev: true

  /electron-to-chromium/1.4.284:
    resolution: {integrity: sha512-M8WEXFuKXMYMVr45fo8mq0wUrrJHheiKZf6BArTKk9ZBYCKJEOU5H8cdWgDT+qCVZf7Na4lVUaZsA+h6uA9+PA==}
    dev: true

  /enhanced-resolve/5.12.0:
    resolution: {integrity: sha512-QHTXI/sZQmko1cbDoNAa3mJ5qhWUUNAq3vR0/YiD379fWQrcfuoX1+HW2S0MTt7XmoPLapdaDKUtelUSPic7hQ==}
    engines: {node: '>=10.13.0'}
    dependencies:
      graceful-fs: 4.2.10
      tapable: 2.2.1
    dev: true

  /envinfo/7.8.1:
    resolution: {integrity: sha1-Bjd+Pl9NN5/qesWS1a2JJ+DE1HU=}
    engines: {node: '>=4'}
    hasBin: true
    dev: true

  /es-module-lexer/0.9.3:
    resolution: {integrity: sha1-bxPbAMw4QXE32vdDZvU1yOtDjxk=}
    dev: true

  /escalade/3.1.1:
    resolution: {integrity: sha1-2M/ccACWXFoBdLSoLqpcBVJ0LkA=}
    engines: {node: '>=6'}
    dev: true

  /eslint-scope/5.1.1:
    resolution: {integrity: sha1-54blmmbLkrP2wfsNUIqrF0hI9Iw=}
    engines: {node: '>=8.0.0'}
    dependencies:
      esrecurse: 4.3.0
      estraverse: 4.3.0
    dev: true

  /esrecurse/4.3.0:
    resolution: {integrity: sha1-eteWTWeauyi+5yzsY3WLHF0smSE=}
    engines: {node: '>=4.0'}
    dependencies:
      estraverse: 5.3.0
    dev: true

  /estraverse/4.3.0:
    resolution: {integrity: sha1-OYrT88WiSUi+dyXoPRGn3ijNvR0=}
    engines: {node: '>=4.0'}
    dev: true

  /estraverse/5.3.0:
    resolution: {integrity: sha1-LupSkHAvJquP5TcDcP+GyWXSESM=}
    engines: {node: '>=4.0'}
    dev: true

  /events/3.3.0:
    resolution: {integrity: sha1-Mala0Kkk4tLEGagTrrLE6HjqdAA=}
    engines: {node: '>=0.8.x'}
    dev: true

  /fast-deep-equal/3.1.3:
    resolution: {integrity: sha1-On1WtVnWy8PrUSMlJE5hmmXGxSU=}
    dev: true

  /fast-json-stable-stringify/2.1.0:
    resolution: {integrity: sha1-h0v2nG9ATCtdmcSBNBOZ/VWJJjM=}
    dev: true

  /fastest-levenshtein/1.0.16:
    resolution: {integrity: sha512-eRnCtTTtGZFpQCwhJiUOuxPQWRXVKYDn0b2PeHfXL6/Zi53SLAzAHfVhVWK2AryC/WH05kGfxhFIPvTF0SXQzg==}
    engines: {node: '>= 4.9.1'}
    dev: true

  /find-up/4.1.0:
    resolution: {integrity: sha1-l6/n1s3AvFkoWEt8jXsW6KmqXRk=}
    engines: {node: '>=8'}
    dependencies:
      locate-path: 5.0.0
      path-exists: 4.0.0
    dev: true

  /function-bind/1.1.1:
    resolution: {integrity: sha1-pWiZ0+o8m6uHS7l3O3xe3pL0iV0=}
    dev: true

  /glob-to-regexp/0.4.1:
    resolution: {integrity: sha1-x1KXCHyFG5pXi9IX3VmpL1n+VG4=}
    dev: true

  /graceful-fs/4.2.10:
    resolution: {integrity: sha512-9ByhssR2fPVsNZj478qUUbKfmL0+t5BDVyjShtyZZLiK7ZDAArFFfopyOTj0M05wE2tJPisA4iTnnXl2YoPvOA==}
    dev: true

  /has-flag/4.0.0:
    resolution: {integrity: sha1-lEdx/ZyByBJlxNaUGGDaBrtZR5s=}
    engines: {node: '>=8'}
    dev: true

  /has/1.0.3:
    resolution: {integrity: sha1-ci18v8H2qoJB8W3YFOAR4fQeh5Y=}
    engines: {node: '>= 0.4.0'}
    dependencies:
      function-bind: 1.1.1
    dev: true

  /icss-utils/5.1.0_postcss@8.4.21:
    resolution: {integrity: sha1-xr5oWKvQE9do6YNmrkfiXViHsa4=}
    engines: {node: ^10 || ^12 || >= 14}
    peerDependencies:
      postcss: ^8.1.0
    dependencies:
      postcss: 8.4.21
    dev: true

  /import-local/3.1.0:
    resolution: {integrity: sha512-ASB07uLtnDs1o6EHjKpX34BKYDSqnFerfTOJL2HvMqF70LnxpjkzDB8J44oT9pu4AMPkQwf8jl6szgvNd2tRIg==}
    engines: {node: '>=8'}
    hasBin: true
    dependencies:
      pkg-dir: 4.2.0
      resolve-cwd: 3.0.0
    dev: true

  /interpret/3.1.1:
    resolution: {integrity: sha512-6xwYfHbajpoF0xLW+iwLkhwgvLoZDfjYfoFNu8ftMoXINzwuymNLd9u/KmwtdT2GbR+/Cz66otEGEVVUHX9QLQ==}
    engines: {node: '>=10.13.0'}
    dev: true

  /is-core-module/2.11.0:
    resolution: {integrity: sha512-RRjxlvLDkD1YJwDbroBHMb+cukurkDWNyHx7D3oNB5x9rb5ogcksMC5wHCadcXoo67gVr/+3GFySh3134zi6rw==}
    dependencies:
      has: 1.0.3
    dev: true

  /is-plain-object/2.0.4:
    resolution: {integrity: sha1-LBY7P6+xtgbZ0Xko8FwqHDjgdnc=}
    engines: {node: '>=0.10.0'}
    dependencies:
      isobject: 3.0.1
    dev: true

  /isexe/2.0.0:
    resolution: {integrity: sha1-6PvzdNxVb/iUehDcsFctYz8s+hA=}
    dev: true

  /isobject/3.0.1:
    resolution: {integrity: sha1-TkMekrEalzFjaqH5yNHMvP2reN8=}
    engines: {node: '>=0.10.0'}
    dev: true

  /jest-worker/27.5.1:
    resolution: {integrity: sha512-7vuh85V5cdDofPyxn58nrPjBktZo0u9x1g8WtjQol+jZDaE+fhN+cIvTj11GndBnMnyfrUOG1sZQxCdjKh+DKg==}
    engines: {node: '>= 10.13.0'}
    dependencies:
      '@types/node': 18.11.18
      merge-stream: 2.0.0
      supports-color: 8.1.1
    dev: true

  /json-parse-even-better-errors/2.3.1:
    resolution: {integrity: sha1-fEeAWpQxmSjgV3dAXcEuH3pO4C0=}
    dev: true

  /json-schema-traverse/0.4.1:
    resolution: {integrity: sha1-afaofZUTq4u4/mO9sJecRI5oRmA=}
    dev: true

  /json-schema-traverse/1.0.0:
    resolution: {integrity: sha1-rnvLNlard6c7pcSb9lTzjmtoYOI=}
    dev: true

  /kind-of/6.0.3:
    resolution: {integrity: sha1-B8BQNKbDSfoG4k+jWqdttFgM5N0=}
    engines: {node: '>=0.10.0'}
    dev: true

  /loader-runner/4.3.0:
    resolution: {integrity: sha512-3R/1M+yS3j5ou80Me59j7F9IMs4PXs3VqRrm0TU3AbKPxlmpoY1TNscJV/oGJXo8qCatFGTfDbY6W6ipGOYXfg==}
    engines: {node: '>=6.11.5'}
    dev: true

  /locate-path/5.0.0:
    resolution: {integrity: sha1-Gvujlq/WdqbUJQTQpno6frn2KqA=}
    engines: {node: '>=8'}
    dependencies:
      p-locate: 4.1.0
    dev: true

  /lru-cache/6.0.0:
    resolution: {integrity: sha1-bW/mVw69lqr5D8rR2vo7JWbbOpQ=}
    engines: {node: '>=10'}
    dependencies:
      yallist: 4.0.0
    dev: true

  /merge-stream/2.0.0:
    resolution: {integrity: sha1-UoI2KaFN0AyXcPtq1H3GMQ8sH2A=}
    dev: true

  /mime-db/1.52.0:
    resolution: {integrity: sha512-sPU4uV7dYlvtWJxwwxHD0PuihVNiE7TyAbQ5SWxDCB9mUYvOgroQOwYQQOKPJ8CIbE+1ETVlOoK1UC2nU3gYvg==}
    engines: {node: '>= 0.6'}
    dev: true

  /mime-types/2.1.35:
    resolution: {integrity: sha512-ZDY+bPm5zTTF+YpCrAU9nK0UgICYPT0QtT1NZWFv4s++TNkcgVaT0g6+4R2uI4MjQjzysHB1zxuWL50hzaeXiw==}
    engines: {node: '>= 0.6'}
    dependencies:
      mime-db: 1.52.0
    dev: true

  /mini-css-extract-plugin/2.7.2_webpack@5.75.0:
    resolution: {integrity: sha512-EdlUizq13o0Pd+uCp+WO/JpkLvHRVGt97RqfeGhXqAcorYo1ypJSpkV+WDT0vY/kmh/p7wRdJNJtuyK540PXDw==}
    engines: {node: '>= 12.13.0'}
    peerDependencies:
      webpack: ^5.0.0
    dependencies:
      schema-utils: 4.0.0
      webpack: 5.75.0_webpack-cli@5.0.1
    dev: true

  /nanoid/3.3.4:
    resolution: {integrity: sha512-MqBkQh/OHTS2egovRtLk45wEyNXwF+cokD+1YPf9u5VfJiRdAiRwB2froX5Co9Rh20xs4siNPm8naNotSD6RBw==}
    engines: {node: ^10 || ^12 || ^13.7 || ^14 || >=15.0.1}
    hasBin: true
    dev: true

  /neo-async/2.6.2:
    resolution: {integrity: sha1-tKr7k+OustgXTKU88WOrfXMIMF8=}
    dev: true

  /node-releases/2.0.9:
    resolution: {integrity: sha512-2xfmOrRkGogbTK9R6Leda0DGiXeY3p2NJpy4+gNCffdUvV6mdEJnaDEic1i3Ec2djAo8jWYoJMR5PB0MSMpxUA==}
    dev: true

  /p-limit/2.3.0:
    resolution: {integrity: sha1-PdM8ZHohT9//2DWTPrCG2g3CHbE=}
    engines: {node: '>=6'}
    dependencies:
      p-try: 2.2.0
    dev: true

  /p-locate/4.1.0:
    resolution: {integrity: sha1-o0KLtwiLOmApL2aRkni3wpetTwc=}
    engines: {node: '>=8'}
    dependencies:
      p-limit: 2.3.0
    dev: true

  /p-try/2.2.0:
    resolution: {integrity: sha1-yyhoVA4xPWHeWPr741zpAE1VQOY=}
    engines: {node: '>=6'}
    dev: true

  /path-exists/4.0.0:
    resolution: {integrity: sha1-UTvb4tO5XXdi6METfvoZXGxhtbM=}
    engines: {node: '>=8'}
    dev: true

  /path-key/3.1.1:
    resolution: {integrity: sha1-WB9q3mWMu6ZaDTOA3ndTKVBU83U=}
    engines: {node: '>=8'}
    dev: true

  /path-parse/1.0.7:
    resolution: {integrity: sha1-+8EUtgykKzDZ2vWFjkvWi77bZzU=}
    dev: true

  /picocolors/1.0.0:
    resolution: {integrity: sha1-y1vcdP8/UYkiNur3nWi8RFZKuBw=}
    dev: true

  /pkg-dir/4.2.0:
    resolution: {integrity: sha1-8JkTPfft5CLoHR2ESCcO6z5CYfM=}
    engines: {node: '>=8'}
    dependencies:
      find-up: 4.1.0
    dev: true

  /postcss-modules-extract-imports/3.0.0_postcss@8.4.21:
    resolution: {integrity: sha1-zaHwR8CugMl9vijD52pDuIAldB0=}
    engines: {node: ^10 || ^12 || >= 14}
    peerDependencies:
      postcss: ^8.1.0
    dependencies:
      postcss: 8.4.21
    dev: true

  /postcss-modules-local-by-default/4.0.0_postcss@8.4.21:
    resolution: {integrity: sha1-67tU+uFZjuz99pGgKz/zs5ClpRw=}
    engines: {node: ^10 || ^12 || >= 14}
    peerDependencies:
      postcss: ^8.1.0
    dependencies:
      icss-utils: 5.1.0_postcss@8.4.21
      postcss: 8.4.21
      postcss-selector-parser: 6.0.11
      postcss-value-parser: 4.2.0
    dev: true

  /postcss-modules-scope/3.0.0_postcss@8.4.21:
    resolution: {integrity: sha1-nvMVFFbTu/oSDKRImN/Kby+gHwY=}
    engines: {node: ^10 || ^12 || >= 14}
    peerDependencies:
      postcss: ^8.1.0
    dependencies:
      postcss: 8.4.21
      postcss-selector-parser: 6.0.11
    dev: true

  /postcss-modules-values/4.0.0_postcss@8.4.21:
    resolution: {integrity: sha1-18Xn5ow7s8myfL9Iyguz/7RgLJw=}
    engines: {node: ^10 || ^12 || >= 14}
    peerDependencies:
      postcss: ^8.1.0
    dependencies:
      icss-utils: 5.1.0_postcss@8.4.21
      postcss: 8.4.21
    dev: true

  /postcss-selector-parser/6.0.11:
    resolution: {integrity: sha512-zbARubNdogI9j7WY4nQJBiNqQf3sLS3wCP4WfOidu+p28LofJqDH1tcXypGrcmMHhDk2t9wGhCsYe/+szLTy1g==}
    engines: {node: '>=4'}
    dependencies:
      cssesc: 3.0.0
      util-deprecate: 1.0.2
    dev: true

  /postcss-value-parser/4.2.0:
    resolution: {integrity: sha512-1NNCs6uurfkVbeXG4S8JFT9t19m45ICnif8zWLd5oPSZ50QnwMfK+H3jv408d4jw/7Bttv5axS5IiHoLaVNHeQ==}
    dev: true

  /postcss/8.4.21:
    resolution: {integrity: sha512-tP7u/Sn/dVxK2NnruI4H9BG+x+Wxz6oeZ1cJ8P6G/PZY0IKk4k/63TDsQf2kQq3+qoJeLm2kIBUNlZe3zgb4Zg==}
    engines: {node: ^10 || ^12 || >=14}
    dependencies:
      nanoid: 3.3.4
      picocolors: 1.0.0
      source-map-js: 1.0.2
    dev: true

  /punycode/2.3.0:
    resolution: {integrity: sha512-rRV+zQD8tVFys26lAGR9WUuS4iUAngJScM+ZRSKtvl5tKeZ2t5bvdNFdNHBW9FWR4guGHlgmsZ1G7BSm2wTbuA==}
    engines: {node: '>=6'}
    dev: true

  /randombytes/2.1.0:
    resolution: {integrity: sha1-32+ENy8CcNxlzfYpE0mrekc9Tyo=}
    dependencies:
      safe-buffer: 5.2.1
    dev: true

  /rechoir/0.8.0:
    resolution: {integrity: sha1-Sfhm4NMhRhQto62PDv81KzIV/yI=}
    engines: {node: '>= 10.13.0'}
    dependencies:
      resolve: 1.22.1
    dev: true

  /require-from-string/2.0.2:
    resolution: {integrity: sha1-iaf92TgmEmcxjq/hT5wy5ZjDaQk=}
    engines: {node: '>=0.10.0'}
    dev: true

  /resolve-cwd/3.0.0:
    resolution: {integrity: sha1-DwB18bslRHZs9zumpuKt/ryxPy0=}
    engines: {node: '>=8'}
    dependencies:
      resolve-from: 5.0.0
    dev: true

  /resolve-from/5.0.0:
    resolution: {integrity: sha1-w1IlhD3493bfIcV1V7wIfp39/Gk=}
    engines: {node: '>=8'}
    dev: true

  /resolve/1.22.1:
    resolution: {integrity: sha512-nBpuuYuY5jFsli/JIs1oldw6fOQCBioohqWZg/2hiaOybXOft4lonv85uDOKXdf8rhyK159cxU5cDcK/NKk8zw==}
    hasBin: true
    dependencies:
      is-core-module: 2.11.0
      path-parse: 1.0.7
      supports-preserve-symlinks-flag: 1.0.0
    dev: true

  /safe-buffer/5.2.1:
    resolution: {integrity: sha1-Hq+fqb2x/dTsdfWPnNtOa3gn7sY=}
    dev: true

  /schema-utils/3.1.1:
    resolution: {integrity: sha1-vHTEtraZXB2I92qLd76nIZ4MgoE=}
    engines: {node: '>= 10.13.0'}
    dependencies:
      '@types/json-schema': 7.0.11
      ajv: 6.12.6
      ajv-keywords: 3.5.2_ajv@6.12.6
    dev: true

  /schema-utils/4.0.0:
    resolution: {integrity: sha1-YDMenjrnjsXRY1PEZ8NLOgodPfc=}
    engines: {node: '>= 12.13.0'}
    dependencies:
      '@types/json-schema': 7.0.11
      ajv: 8.12.0
      ajv-formats: 2.1.1
      ajv-keywords: 5.1.0_ajv@8.12.0
    dev: true

  /semver/7.3.8:
    resolution: {integrity: sha512-NB1ctGL5rlHrPJtFDVIVzTyQylMLu9N9VICA6HSFJo8MCGVTMW6gfpicwKmmK/dAjTOrqu5l63JJOpDSrAis3A==}
    engines: {node: '>=10'}
    hasBin: true
    dependencies:
      lru-cache: 6.0.0
    dev: true

  /serialize-javascript/6.0.1:
    resolution: {integrity: sha512-owoXEFjWRllis8/M1Q+Cw5k8ZH40e3zhp/ovX+Xr/vi1qj6QesbyXXViFbpNvWvPNAD62SutwEXavefrLJWj7w==}
    dependencies:
      randombytes: 2.1.0
    dev: true

  /shallow-clone/3.0.1:
    resolution: {integrity: sha1-jymBrZJTH1UDWwH7IwdppA4C76M=}
    engines: {node: '>=8'}
    dependencies:
      kind-of: 6.0.3
    dev: true

  /shebang-command/2.0.0:
    resolution: {integrity: sha1-zNCvT4g1+9wmW4JGGq8MNmY/NOo=}
    engines: {node: '>=8'}
    dependencies:
      shebang-regex: 3.0.0
    dev: true

  /shebang-regex/3.0.0:
    resolution: {integrity: sha1-rhbxZE2HPsrYQ7AwexQzYtTEIXI=}
    engines: {node: '>=8'}
    dev: true

  /source-map-js/1.0.2:
    resolution: {integrity: sha512-R0XvVJ9WusLiqTCEiGCmICCMplcCkIwwR11mOSD9CR5u+IXYdiseeEuXCVAjS54zqwkLcPNnmU4OeJ6tUrWhDw==}
    engines: {node: '>=0.10.0'}
    dev: true

  /source-map-support/0.5.21:
    resolution: {integrity: sha1-BP58f54e0tZiIzwoyys1ufY/bk8=}
    dependencies:
      buffer-from: 1.1.2
      source-map: 0.6.1
    dev: true

  /source-map/0.6.1:
    resolution: {integrity: sha512-UjgapumWlbMhkBgzT7Ykc5YXUT46F0iKu8SGXq0bcwP5dz/h0Plj6enJqjz1Zbq2l5WaqYnrVbwWOWMyF3F47g==}
    engines: {node: '>=0.10.0'}
    dev: true

  /style-loader/3.3.1_webpack@5.75.0:
    resolution: {integrity: sha1-BX36az1NfHBkRigw+RE+1BfThXU=}
    engines: {node: '>= 12.13.0'}
    peerDependencies:
      webpack: ^5.0.0
    dependencies:
      webpack: 5.75.0_webpack-cli@5.0.1
    dev: true

  /supports-color/8.1.1:
    resolution: {integrity: sha1-zW/BfihQDP9WwbhsCn/UpUpzAFw=}
    engines: {node: '>=10'}
    dependencies:
      has-flag: 4.0.0
    dev: true

  /supports-preserve-symlinks-flag/1.0.0:
    resolution: {integrity: sha512-ot0WnXS9fgdkgIcePe6RHNk1WA8+muPa6cSjeR3V8K27q9BB1rTE3R1p7Hv0z1ZyAc8s6Vvv8DIyWf681MAt0w==}
    engines: {node: '>= 0.4'}
    dev: true

  /tapable/2.2.1:
    resolution: {integrity: sha1-GWenPvQGCoLxKrlq+G1S/bdu7KA=}
    engines: {node: '>=6'}
    dev: true

  /terser-webpack-plugin/5.3.6_webpack@5.75.0:
    resolution: {integrity: sha512-kfLFk+PoLUQIbLmB1+PZDMRSZS99Mp+/MHqDNmMA6tOItzRt+Npe3E+fsMs5mfcM0wCtrrdU387UnV+vnSffXQ==}
    engines: {node: '>= 10.13.0'}
    peerDependencies:
      '@swc/core': '*'
      esbuild: '*'
      uglify-js: '*'
      webpack: ^5.1.0
    peerDependenciesMeta:
      '@swc/core':
        optional: true
      esbuild:
        optional: true
      uglify-js:
        optional: true
    dependencies:
      '@jridgewell/trace-mapping': 0.3.17
      jest-worker: 27.5.1
      schema-utils: 3.1.1
      serialize-javascript: 6.0.1
      terser: 5.16.2
      webpack: 5.75.0_webpack-cli@5.0.1
    dev: true

  /terser/5.16.2:
    resolution: {integrity: sha512-JKuM+KvvWVqT7muHVyrwv7FVRPnmHDwF6XwoIxdbF5Witi0vu99RYpxDexpJndXt3jbZZmmWr2/mQa6HvSNdSg==}
    engines: {node: '>=10'}
    hasBin: true
    dependencies:
      '@jridgewell/source-map': 0.3.2
      acorn: 8.8.2
      commander: 2.20.3
      source-map-support: 0.5.21
    dev: true

  /update-browserslist-db/1.0.10_browserslist@4.21.5:
    resolution: {integrity: sha512-OztqDenkfFkbSG+tRxBeAnCVPckDBcvibKd35yDONx6OU8N7sqgwc7rCbkJ/WcYtVRZ4ba68d6byhC21GFh7sQ==}
    hasBin: true
    peerDependencies:
      browserslist: '>= 4.21.0'
    dependencies:
      browserslist: 4.21.5
      escalade: 3.1.1
      picocolors: 1.0.0
    dev: true

  /uri-js/4.4.1:
    resolution: {integrity: sha1-mxpSWVIlhZ5V9mnZKPiMbFfyp34=}
    dependencies:
      punycode: 2.3.0
    dev: true

  /util-deprecate/1.0.2:
    resolution: {integrity: sha1-RQ1Nyfpw3nMnYvvS1KKJgUGaDM8=}
    dev: true

  /watchpack/2.4.0:
    resolution: {integrity: sha512-Lcvm7MGST/4fup+ifyKi2hjyIAwcdI4HRgtvTpIUxBRhB+RFtUh8XtDOxUfctVCnhVi+QQj49i91OyvzkJl6cg==}
    engines: {node: '>=10.13.0'}
    dependencies:
      glob-to-regexp: 0.4.1
      graceful-fs: 4.2.10
    dev: true

  /webpack-cli/5.0.1_webpack@5.75.0:
    resolution: {integrity: sha512-S3KVAyfwUqr0Mo/ur3NzIp6jnerNpo7GUO6so51mxLi1spqsA17YcMXy0WOIJtBSnj748lthxC6XLbNKh/ZC+A==}
    engines: {node: '>=14.15.0'}
    hasBin: true
    peerDependencies:
      '@webpack-cli/generators': '*'
      webpack: 5.x.x
      webpack-bundle-analyzer: '*'
      webpack-dev-server: '*'
    peerDependenciesMeta:
      '@webpack-cli/generators':
        optional: true
      webpack-bundle-analyzer:
        optional: true
      webpack-dev-server:
        optional: true
    dependencies:
      '@discoveryjs/json-ext': 0.5.7
      '@webpack-cli/configtest': 2.0.1_rjsyjcrmk25kqsjzwkvj3a2evq
      '@webpack-cli/info': 2.0.1_rjsyjcrmk25kqsjzwkvj3a2evq
      '@webpack-cli/serve': 2.0.1_rjsyjcrmk25kqsjzwkvj3a2evq
      colorette: 2.0.19
      commander: 9.5.0
      cross-spawn: 7.0.3
      envinfo: 7.8.1
      fastest-levenshtein: 1.0.16
      import-local: 3.1.0
      interpret: 3.1.1
      rechoir: 0.8.0
      webpack: 5.75.0_webpack-cli@5.0.1
      webpack-merge: 5.8.0
    dev: true

  /webpack-merge/5.8.0:
    resolution: {integrity: sha1-Kznb8ir4d3atdEw5AiNzHTCmj2E=}
    engines: {node: '>=10.0.0'}
    dependencies:
      clone-deep: 4.0.1
      wildcard: 2.0.0
    dev: true

  /webpack-sources/3.2.3:
    resolution: {integrity: sha512-/DyMEOrDgLKKIG0fmvtz+4dUX/3Ghozwgm6iPp8KRhvn+eQf9+Q7GWxVNMk3+uCPWfdXYC4ExGBckIXdFEfH1w==}
    engines: {node: '>=10.13.0'}
    dev: true

  /webpack/5.75.0_webpack-cli@5.0.1:
    resolution: {integrity: sha512-piaIaoVJlqMsPtX/+3KTTO6jfvrSYgauFVdt8cr9LTHKmcq/AMd4mhzsiP7ZF/PGRNPGA8336jldh9l2Kt2ogQ==}
    engines: {node: '>=10.13.0'}
    hasBin: true
    peerDependencies:
      webpack-cli: '*'
    peerDependenciesMeta:
      webpack-cli:
        optional: true
    dependencies:
      '@types/eslint-scope': 3.7.4
      '@types/estree': 0.0.51
      '@webassemblyjs/ast': 1.11.1
      '@webassemblyjs/wasm-edit': 1.11.1
      '@webassemblyjs/wasm-parser': 1.11.1
      acorn: 8.8.2
      acorn-import-assertions: 1.8.0_acorn@8.8.2
      browserslist: 4.21.5
      chrome-trace-event: 1.0.3
      enhanced-resolve: 5.12.0
      es-module-lexer: 0.9.3
      eslint-scope: 5.1.1
      events: 3.3.0
      glob-to-regexp: 0.4.1
      graceful-fs: 4.2.10
      json-parse-even-better-errors: 2.3.1
      loader-runner: 4.3.0
      mime-types: 2.1.35
      neo-async: 2.6.2
      schema-utils: 3.1.1
      tapable: 2.2.1
      terser-webpack-plugin: 5.3.6_webpack@5.75.0
      watchpack: 2.4.0
      webpack-cli: 5.0.1_webpack@5.75.0
      webpack-sources: 3.2.3
    transitivePeerDependencies:
      - '@swc/core'
      - esbuild
      - uglify-js
    dev: true

  /which/2.0.2:
    resolution: {integrity: sha1-fGqN0KY2oDJ+ELWckobu6T8/UbE=}
    engines: {node: '>= 8'}
    hasBin: true
    dependencies:
      isexe: 2.0.0
    dev: true

  /wildcard/2.0.0:
    resolution: {integrity: sha1-p30g5SAMb6qsl55LOq3Hs91/j+w=}
    dev: true

  /yallist/4.0.0:
    resolution: {integrity: sha1-m7knkNnA7/7GO+c1GeEaNQGaOnI=}
    dev: true
